
Microsoft Visual Studio Solution File, Format Version 12.00
# Visual Studio 2013
Project("{FAE04EC0-301F-11D3-BF4B-00C04F79EFBC}") = "UnityVS.Apollo.CSharp", "UnityVS.Apollo.CSharp.csproj", "{6550DA74-4965-E034-F9E2-98CD96818144}"
EndProject
Global
	GlobalSection(SolutionConfigurationPlatforms) = preSolution
		Debug|Any CPU = Debug|Any CPU
		Release|Any CPU = Release|Any CPU
	EndGlobalSection
	GlobalSection(ProjectConfigurationPlatforms) = postSolution
		{6550DA74-4965-E034-F9E2-98CD96818144}.Debug|Any CPU.ActiveCfg = Debug|Any CPU
		{6550DA74-4965-E034-F9E2-98CD96818144}.Debug|Any CPU.Build.0 = Debug|Any CPU
		{6550DA74-4965-E034-F9E2-98CD96818144}.Release|Any CPU.ActiveCfg = Release|Any CPU
		{6550DA74-4965-E034-F9E2-98CD96818144}.Release|Any CPU.Build.0 = Release|Any CPU
	EndGlobalSection
	GlobalSection(SolutionProperties) = preSolution
		HideSolutionNode = FALSE
	EndGlobalSection
EndGlobal
